
Microsoft Visual Studio Solution File, Format Version 12.00
# Visual Studio 2013
VisualStudioVersion = 12.0.40629.0
MinimumVisualStudioVersion = 10.0.40219.1
Project("{E24C65DC-7377-472B-9ABA-BC803B73C61A}") = "eRestaurantWebsite", "http://localhost:51621", "{CB859B87-EF5C-405D-A2DA-DAC10C389A28}"
	ProjectSection(WebsiteProperties) = preProject
		UseIISExpress = "true"
		TargetFrameworkMoniker = ".NETFramework,Version%3Dv4.5"
		Debug.AspNetCompiler.VirtualPath = "/localhost_51621"
		Debug.AspNetCompiler.PhysicalPath = "eRestaurantWebsite\"
		Debug.AspNetCompiler.TargetPath = "PrecompiledWeb\localhost_51621\"
		Debug.AspNetCompiler.Updateable = "true"
		Debug.AspNetCompiler.ForceOverwrite = "true"
		Debug.AspNetCompiler.FixedNames = "false"
		Debug.AspNetCompiler.Debug = "True"
		Release.AspNetCompiler.VirtualPath = "/localhost_51621"
		Release.AspNetCompiler.PhysicalPath = "eRestaurantWebsite\"
		Release.AspNetCompiler.TargetPath = "PrecompiledWeb\localhost_51621\"
		Release.AspNetCompiler.Updateable = "true"
		Release.AspNetCompiler.ForceOverwrite = "true"
		Release.AspNetCompiler.FixedNames = "false"
		Release.AspNetCompiler.Debug = "False"
		SlnRelativePath = "eRestaurantWebsite\"
		DefaultWebSiteLanguage = "Visual C#"
	EndProjectSection
EndProject
Project("{FAE04EC0-301F-11D3-BF4B-00C04F79EFBC}") = "eRestaurantSystem", "eRestaurantSystem\eRestaurantSystem.csproj", "{959796EC-D67C-487B-9403-2E626EACB921}"
EndProject
Global
	GlobalSection(SolutionConfigurationPlatforms) = preSolution
		Debug|Any CPU = Debug|Any CPU
		Release|Any CPU = Release|Any CPU
	EndGlobalSection
	GlobalSection(ProjectConfigurationPlatforms) = postSolution
		{CB859B87-EF5C-405D-A2DA-DAC10C389A28}.Debug|Any CPU.ActiveCfg = Debug|Any CPU
		{CB859B87-EF5C-405D-A2DA-DAC10C389A28}.Debug|Any CPU.Build.0 = Debug|Any CPU
		{CB859B87-EF5C-405D-A2DA-DAC10C389A28}.Release|Any CPU.ActiveCfg = Debug|Any CPU
		{CB859B87-EF5C-405D-A2DA-DAC10C389A28}.Release|Any CPU.Build.0 = Debug|Any CPU
		{959796EC-D67C-487B-9403-2E626EACB921}.Debug|Any CPU.ActiveCfg = Debug|Any CPU
		{959796EC-D67C-487B-9403-2E626EACB921}.Debug|Any CPU.Build.0 = Debug|Any CPU
		{959796EC-D67C-487B-9403-2E626EACB921}.Release|Any CPU.ActiveCfg = Release|Any CPU
		{959796EC-D67C-487B-9403-2E626EACB921}.Release|Any CPU.Build.0 = Release|Any CPU
	EndGlobalSection
	GlobalSection(SolutionProperties) = preSolution
		HideSolutionNode = FALSE
	EndGlobalSection
EndGlobal
